
Microsoft Visual Studio Solution File, Format Version 12.00
# Visual Studio Version 17
VisualStudioVersion = 17.9.34728.123
MinimumVisualStudioVersion = 10.0.40219.1
Project("{FAE04EC0-301F-11D3-BF4B-00C04F79EFBC}") = "BlazorUrls", "BlazorUrls\BlazorUrls\BlazorUrls.csproj", "{EB18C830-250F-43B6-8432-163808CCB6BC}"
EndProject
Project("{FAE04EC0-301F-11D3-BF4B-00C04F79EFBC}") = "BlazorUrls.Client", "BlazorUrls\BlazorUrls.Client\BlazorUrls.Client.csproj", "{FAF0E62C-1FB3-4DFD-A520-D8633934F869}"
EndProject
Global
	GlobalSection(SolutionConfigurationPlatforms) = preSolution
		Debug|Any CPU = Debug|Any CPU
		Release|Any CPU = Release|Any CPU
	EndGlobalSection
	GlobalSection(ProjectConfigurationPlatforms) = postSolution
		{EB18C830-250F-43B6-8432-163808CCB6BC}.Debug|Any CPU.ActiveCfg = Debug|Any CPU
		{EB18C830-250F-43B6-8432-163808CCB6BC}.Debug|Any CPU.Build.0 = Debug|Any CPU
		{EB18C830-250F-43B6-8432-163808CCB6BC}.Release|Any CPU.ActiveCfg = Release|Any CPU
		{EB18C830-250F-43B6-8432-163808CCB6BC}.Release|Any CPU.Build.0 = Release|Any CPU
		{FAF0E62C-1FB3-4DFD-A520-D8633934F869}.Debug|Any CPU.ActiveCfg = Debug|Any CPU
		{FAF0E62C-1FB3-4DFD-A520-D8633934F869}.Debug|Any CPU.Build.0 = Debug|Any CPU
		{FAF0E62C-1FB3-4DFD-A520-D8633934F869}.Release|Any CPU.ActiveCfg = Release|Any CPU
		{FAF0E62C-1FB3-4DFD-A520-D8633934F869}.Release|Any CPU.Build.0 = Release|Any CPU
	EndGlobalSection
	GlobalSection(SolutionProperties) = preSolution
		HideSolutionNode = FALSE
	EndGlobalSection
	GlobalSection(ExtensibilityGlobals) = postSolution
		SolutionGuid = {5E058C67-0253-4A37-8557-98FB9A48CBEB}
	EndGlobalSection
EndGlobal
